# THIS IS AN AUTOGENERATED FILE. DO NOT EDIT THIS FILE DIRECTLY.
# yarn lockfile v1


"@types/events@*":
  "integrity" "sha1-KGLz9Yqaf3w+eNefEw3U1xwlwqc="
  "resolved" "https://registry.npm.taobao.org/@types/events/download/@types/events-3.0.0.tgz"
  "version" "3.0.0"

"@types/formidable@^1.0.31":
  "integrity" "sha1-J0+dwtChqc4f7vSMJMoIWefslHs="
  "resolved" "https://registry.npm.taobao.org/@types/formidable/download/@types/formidable-1.0.31.tgz"
  "version" "1.0.31"
  dependencies:
    "@types/events" "*"
    "@types/node" "*"

"@types/node@*":
  "integrity" "sha1-Fg2CYjYQ21kKZOjKgXhOERF+WlQ="
  "resolved" "https://registry.npm.taobao.org/@types/node/download/@types/node-13.13.2.tgz"
  "version" "13.13.2"

"accepts@^1.3.5":
  "integrity" "sha1-UxvHJlF6OytB+FACHGzBXqq1B80="
  "resolved" "https://registry.npm.taobao.org/accepts/download/accepts-1.3.7.tgz"
  "version" "1.3.7"
  dependencies:
    "mime-types" "~2.1.24"
    "negotiator" "0.6.2"

"aggregate-error@^1.0.0":
  "integrity" "sha1-iINE2tAiCnLjr1CQYRf0h3GSX6w="
  "resolved" "https://registry.npm.taobao.org/aggregate-error/download/aggregate-error-1.0.0.tgz"
  "version" "1.0.0"
  dependencies:
    "clean-stack" "^1.0.0"
    "indent-string" "^3.0.0"

"any-promise@^1.0.0":
  "integrity" "sha1-q8av7tzqUugJzcA3au0845Y10X8="
  "resolved" "https://registry.npm.taobao.org/any-promise/download/any-promise-1.3.0.tgz"
  "version" "1.3.0"

"buffer-equal-constant-time@1.0.1":
  "integrity" "sha1-+OcRMvf/5uAaXJaXpMbz5I1cyBk="
  "resolved" "https://registry.npm.taobao.org/buffer-equal-constant-time/download/buffer-equal-constant-time-1.0.1.tgz"
  "version" "1.0.1"

"bytes@3.1.0":
  "integrity" "sha1-9s95M6Ng4FiPqf3oVlHNx/gF0fY="
  "resolved" "https://registry.npm.taobao.org/bytes/download/bytes-3.1.0.tgz"
  "version" "3.1.0"

"cache-content-type@^1.0.0":
  "integrity" "sha1-A1zeKwjuISn0qDFeqPAKANuhRTw="
  "resolved" "https://registry.npm.taobao.org/cache-content-type/download/cache-content-type-1.0.1.tgz"
  "version" "1.0.1"
  dependencies:
    "mime-types" "^2.1.18"
    "ylru" "^1.2.0"

"clean-stack@^1.0.0":
  "integrity" "sha1-noIVAa6XmYbEax1m0tQy2y/UrjE="
  "resolved" "https://registry.npm.taobao.org/clean-stack/download/clean-stack-1.3.0.tgz"
  "version" "1.3.0"

"co-body@^5.1.1":
  "integrity" "sha1-WgpljEYCkTHg46MG9nZHMC9xwSQ="
  "resolved" "https://registry.npm.taobao.org/co-body/download/co-body-5.2.0.tgz"
  "version" "5.2.0"
  dependencies:
    "inflation" "^2.0.0"
    "qs" "^6.4.0"
    "raw-body" "^2.2.0"
    "type-is" "^1.6.14"

"co@^4.6.0":
  "integrity" "sha1-bqa989hTrlTMuOR7+gvz+QMfsYQ="
  "resolved" "https://registry.npmjs.org/co/-/co-4.6.0.tgz"
  "version" "4.6.0"

"content-disposition@~0.5.2":
  "integrity" "sha1-4TDK9+cnkIfFYWwgB9BIVpiYT70="
  "resolved" "https://registry.npm.taobao.org/content-disposition/download/content-disposition-0.5.3.tgz"
  "version" "0.5.3"
  dependencies:
    "safe-buffer" "5.1.2"

"content-type@^1.0.4":
  "integrity" "sha1-4TjMdeBAxyexlm/l5fjJruJW/js="
  "resolved" "https://registry.npm.taobao.org/content-type/download/content-type-1.0.4.tgz"
  "version" "1.0.4"

"cookies@~0.8.0":
  "integrity" "sha1-EpPOSzkXQKhAbjyYcOgoxLVPP5A="
  "resolved" "https://registry.npm.taobao.org/cookies/download/cookies-0.8.0.tgz"
  "version" "0.8.0"
  dependencies:
    "depd" "~2.0.0"
    "keygrip" "~1.1.0"

"debug@^3.1.0":
  "integrity" "sha1-W7WgZyYotkFJVmuhaBnmFRjGcmE="
  "resolved" "https://registry.npm.taobao.org/debug/download/debug-3.1.0.tgz"
  "version" "3.1.0"
  dependencies:
    "ms" "2.0.0"

"debug@^4.1.1":
  "integrity" "sha1-O3ImAlUQnGtYnO4FDx1RYTlmR5E="
  "resolved" "https://registry.npm.taobao.org/debug/download/debug-4.1.1.tgz"
  "version" "4.1.1"
  dependencies:
    "ms" "^2.1.1"

"debug@^4.3.2":
  "integrity" "sha512-/zxw5+vh1Tfv+4Qn7a5nsbcJKPaSvCDhojn6FEl9vupwK2VCSDtEiEtqr8DFtzYFOdz63LBkxec7DYuc2jon6Q=="
  "resolved" "https://registry.npmjs.org/debug/-/debug-4.3.3.tgz"
  "version" "4.3.3"
  dependencies:
    "ms" "2.1.2"

"deep-equal@~1.0.1":
  "integrity" "sha1-9dJgKStmDghO/0zbyfCK0yR0SLU="
  "resolved" "https://registry.npm.taobao.org/deep-equal/download/deep-equal-1.0.1.tgz"
  "version" "1.0.1"

"delegates@^1.0.0":
  "integrity" "sha1-hMbhWbgZBP3KWaDvRM2HDTElD5o="
  "resolved" "https://registry.npm.taobao.org/delegates/download/delegates-1.0.0.tgz"
  "version" "1.0.0"

"denque@^2.0.1":
  "integrity" "sha512-tfiWc6BQLXNLpNiR5iGd0Ocu3P3VpxfzFiqubLgMfhfOw9WyvgJBd46CClNn9k3qfbjvT//0cf7AlYRX/OslMQ=="
  "resolved" "https://registry.npmjs.org/denque/-/denque-2.0.1.tgz"
  "version" "2.0.1"

"depd@^2.0.0":
  "integrity" "sha512-g7nH6P6dyDioJogAAGprGpCtVImJhpPk/roCzdb3fIh61/s/nPsfR6onyMwkCAR/OlC3yBC0lESvUoQEAssIrw=="
  "resolved" "https://registry.npmjs.org/depd/-/depd-2.0.0.tgz"
  "version" "2.0.0"

"depd@~1.1.2":
  "integrity" "sha1-m81S4UwJd2PnSbJ0xDRu0uVgtak="
  "resolved" "https://registry.npm.taobao.org/depd/download/depd-1.1.2.tgz"
  "version" "1.1.2"

"depd@~2.0.0":
  "integrity" "sha1-tpYWPMdXVg0JzyLMj60Vcbeedt8="
  "resolved" "https://registry.npm.taobao.org/depd/download/depd-2.0.0.tgz"
  "version" "2.0.0"

"destroy@^1.0.4":
  "integrity" "sha1-l4hXRCxEdJ5CBmE+N5RiBYJqvYA="
  "resolved" "https://registry.npm.taobao.org/destroy/download/destroy-1.0.4.tgz"
  "version" "1.0.4"

"ecdsa-sig-formatter@1.0.11":
  "integrity" "sha1-rg8PothQRe8UqBfao86azQSJ5b8="
  "resolved" "https://registry.npm.taobao.org/ecdsa-sig-formatter/download/ecdsa-sig-formatter-1.0.11.tgz"
  "version" "1.0.11"
  dependencies:
    "safe-buffer" "^5.0.1"

"ee-first@1.1.1":
  "integrity" "sha1-WQxhFWsK4vTwJVcyoViyZrxWsh0="
  "resolved" "https://registry.npm.taobao.org/ee-first/download/ee-first-1.1.1.tgz"
  "version" "1.1.1"

"encodeurl@^1.0.2":
  "integrity" "sha1-rT/0yG7C0CkyL1oCw6mmBslbP1k="
  "resolved" "https://registry.npm.taobao.org/encodeurl/download/encodeurl-1.0.2.tgz"
  "version" "1.0.2"

"escape-html@^1.0.3":
  "integrity" "sha1-Aljq5NPQwJdN4cFpGI7wBR0dGYg="
  "resolved" "https://registry.npm.taobao.org/escape-html/download/escape-html-1.0.3.tgz"
  "version" "1.0.3"

"formidable@^1.1.1":
  "integrity" "sha1-v2muopcpgmdfAIZTQrmCmG9rjdk="
  "resolved" "https://registry.npm.taobao.org/formidable/download/formidable-1.2.2.tgz"
  "version" "1.2.2"

"fresh@~0.5.2":
  "integrity" "sha1-PYyt2Q2XZWn6g1qx+OSyOhBWBac="
  "resolved" "https://registry.npm.taobao.org/fresh/download/fresh-0.5.2.tgz"
  "version" "0.5.2"

"generate-function@^2.3.1":
  "integrity" "sha1-8GlhdpDBDIaOc7hGV0Z2T5fDR58="
  "resolved" "https://registry.npm.taobao.org/generate-function/download/generate-function-2.3.1.tgz"
  "version" "2.3.1"
  dependencies:
    "is-property" "^1.0.2"

"http-assert@^1.3.0":
  "integrity" "sha1-xfcl1neqfoc+9zYZm4lobM6zeHg="
  "resolved" "https://registry.npm.taobao.org/http-assert/download/http-assert-1.4.1.tgz"
  "version" "1.4.1"
  dependencies:
    "deep-equal" "~1.0.1"
    "http-errors" "~1.7.2"

"http-errors@^1.6.3", "http-errors@^1.7.3", "http-errors@~1.7.2", "http-errors@1.7.3":
  "integrity" "sha1-bGGeT5xgMIw4UZSYwU+7EKrOuwY="
  "resolved" "https://registry.npm.taobao.org/http-errors/download/http-errors-1.7.3.tgz"
  "version" "1.7.3"
  dependencies:
    "depd" "~1.1.2"
    "inherits" "2.0.4"
    "setprototypeof" "1.1.1"
    "statuses" ">= 1.5.0 < 2"
    "toidentifier" "1.0.0"

"http-errors@~1.6.2":
  "integrity" "sha1-i1VoC7S+KDoLW/TqLjhYC+HZMg0="
  "resolved" "https://registry.npm.taobao.org/http-errors/download/http-errors-1.6.3.tgz"
  "version" "1.6.3"
  dependencies:
    "depd" "~1.1.2"
    "inherits" "2.0.3"
    "setprototypeof" "1.1.0"
    "statuses" ">= 1.4.0 < 2"

"iconv-lite@^0.6.3":
  "integrity" "sha512-4fCk79wshMdzMp2rH06qWrJE4iolqLhCUH+OiuIgU++RB0+94NlDL81atO7GX55uUKueo0txHNtvEyI6D7WdMw=="
  "resolved" "https://registry.npmjs.org/iconv-lite/-/iconv-lite-0.6.3.tgz"
  "version" "0.6.3"
  dependencies:
    "safer-buffer" ">= 2.1.2 < 3.0.0"

"iconv-lite@0.4.24":
  "integrity" "sha1-ICK0sl+93CHS9SSXSkdKr+czkIs="
  "resolved" "https://registry.npm.taobao.org/iconv-lite/download/iconv-lite-0.4.24.tgz"
  "version" "0.4.24"
  dependencies:
    "safer-buffer" ">= 2.1.2 < 3"

"indent-string@^3.0.0":
  "integrity" "sha1-Sl/W0nzDMvN+VBmlBNu4NxBckok="
  "resolved" "https://registry.npm.taobao.org/indent-string/download/indent-string-3.2.0.tgz"
  "version" "3.2.0"

"inflation@^2.0.0":
  "integrity" "sha1-i0F+R8KPklpFEz2RTKH9OJEH8w8="
  "resolved" "https://registry.npm.taobao.org/inflation/download/inflation-2.0.0.tgz"
  "version" "2.0.0"

"inherits@2.0.3":
  "integrity" "sha1-Yzwsg+PaQqUC9SRmAiSA9CCCYd4="
  "resolved" "https://registry.npm.taobao.org/inherits/download/inherits-2.0.3.tgz"
  "version" "2.0.3"

"inherits@2.0.4":
  "integrity" "sha1-D6LGT5MpF8NDOg3tVTY6rjdBa3w="
  "resolved" "https://registry.npm.taobao.org/inherits/download/inherits-2.0.4.tgz"
  "version" "2.0.4"

"is-generator-function@^1.0.7":
  "integrity" "sha1-0hMuUpuwAAp/gHlNS99c1eWBNSI="
  "resolved" "https://registry.npm.taobao.org/is-generator-function/download/is-generator-function-1.0.7.tgz"
  "version" "1.0.7"

"is-property@^1.0.2":
  "integrity" "sha1-V/4cTkhHTt1lsJkR8msc1Ald2oQ="
  "resolved" "https://registry.npm.taobao.org/is-property/download/is-property-1.0.2.tgz"
  "version" "1.0.2"

"isarray@0.0.1":
  "integrity" "sha1-ihis/Kmo9Bd+Cav8YDiTmwXR7t8="
  "resolved" "https://registry.npm.taobao.org/isarray/download/isarray-0.0.1.tgz"
  "version" "0.0.1"

"jsonwebtoken@^8.5.1", "jsonwebtoken@8.5.1":
  "integrity" "sha1-AOceC431TCEhofJhN98igGc7zA0="
  "resolved" "https://registry.npm.taobao.org/jsonwebtoken/download/jsonwebtoken-8.5.1.tgz"
  "version" "8.5.1"
  dependencies:
    "jws" "^3.2.2"
    "lodash.includes" "^4.3.0"
    "lodash.isboolean" "^3.0.3"
    "lodash.isinteger" "^4.0.4"
    "lodash.isnumber" "^3.0.3"
    "lodash.isplainobject" "^4.0.6"
    "lodash.isstring" "^4.0.1"
    "lodash.once" "^4.0.0"
    "ms" "^2.1.1"
    "semver" "^5.6.0"

"jwa@^1.4.1":
  "integrity" "sha1-dDwymFy56YZVUw1TZBtmyGRbA5o="
  "resolved" "https://registry.npm.taobao.org/jwa/download/jwa-1.4.1.tgz"
  "version" "1.4.1"
  dependencies:
    "buffer-equal-constant-time" "1.0.1"
    "ecdsa-sig-formatter" "1.0.11"
    "safe-buffer" "^5.0.1"

"jws@^3.2.2":
  "integrity" "sha1-ABCZ82OUaMlBQADpmZX6UvtHgwQ="
  "resolved" "https://registry.npm.taobao.org/jws/download/jws-3.2.2.tgz?cache=0&other_urls=https%3A%2F%2Fregistry.npm.taobao.org%2Fjws%2Fdownload%2Fjws-3.2.2.tgz"
  "version" "3.2.2"
  dependencies:
    "jwa" "^1.4.1"
    "safe-buffer" "^5.0.1"

"keygrip@~1.1.0":
  "integrity" "sha1-hxsWgdXhWcYqRFsMdLYV4JF+ciY="
  "resolved" "https://registry.npm.taobao.org/keygrip/download/keygrip-1.1.0.tgz"
  "version" "1.1.0"
  dependencies:
    "tsscmp" "1.0.6"

"koa-body@^4.1.1":
  "integrity" "sha1-UGhtKQiR/G8ay5hs98/NYF+FXvA="
  "resolved" "https://registry.npm.taobao.org/koa-body/download/koa-body-4.1.1.tgz"
  "version" "4.1.1"
  dependencies:
    "@types/formidable" "^1.0.31"
    "co-body" "^5.1.1"
    "formidable" "^1.1.1"

"koa-compose@^4.1.0":
  "integrity" "sha1-UHMGuTcZAdtBEhyBLpI9DWfT6Hc="
  "resolved" "https://registry.npm.taobao.org/koa-compose/download/koa-compose-4.1.0.tgz"
  "version" "4.1.0"

"koa-convert@^2.0.0":
  "integrity" "sha512-asOvN6bFlSnxewce2e/DK3p4tltyfC4VM7ZwuTuepI7dEQVcvpyFuBcEARu1+Hxg8DIwytce2n7jrZtRlPrARA=="
  "resolved" "https://registry.npmjs.org/koa-convert/-/koa-convert-2.0.0.tgz"
  "version" "2.0.0"
  dependencies:
    "co" "^4.6.0"
    "koa-compose" "^4.1.0"

"koa-jwt@^3.6.0":
  "integrity" "sha1-tUU3xnzZAW8C1Uuf1587JWwlqrQ="
  "resolved" "https://registry.npm.taobao.org/koa-jwt/download/koa-jwt-3.6.0.tgz"
  "version" "3.6.0"
  dependencies:
    "jsonwebtoken" "8.5.1"
    "koa-unless" "1.0.7"
    "p-any" "1.1.0"

"koa-router@^8.0.8":
  "integrity" "sha1-8LcPkNridduMcaQeHvtiVYH7O1o="
  "resolved" "https://registry.npm.taobao.org/koa-router/download/koa-router-8.0.8.tgz?cache=0&sync_timestamp=1581746129318&other_urls=https%3A%2F%2Fregistry.npm.taobao.org%2Fkoa-router%2Fdownload%2Fkoa-router-8.0.8.tgz"
  "version" "8.0.8"
  dependencies:
    "debug" "^4.1.1"
    "http-errors" "^1.7.3"
    "koa-compose" "^4.1.0"
    "methods" "^1.1.2"
    "path-to-regexp" "1.x"
    "urijs" "^1.19.2"

"koa-send@^5.0.0":
  "integrity" "sha1-XoRB4H71VzdzTXztJbhC5QZG5+s="
  "resolved" "https://registry.npm.taobao.org/koa-send/download/koa-send-5.0.0.tgz"
  "version" "5.0.0"
  dependencies:
    "debug" "^3.1.0"
    "http-errors" "^1.6.3"
    "mz" "^2.7.0"
    "resolve-path" "^1.4.0"

"koa-static@^5.0.0":
  "integrity" "sha1-XpL8lrU3rVIZ9CUxnJW2R3J3aUM="
  "resolved" "https://registry.npm.taobao.org/koa-static/download/koa-static-5.0.0.tgz"
  "version" "5.0.0"
  dependencies:
    "debug" "^3.1.0"
    "koa-send" "^5.0.0"

"koa-unless@1.0.7":
  "integrity" "sha1-ud83XitNowQ5GNSGIlIMLAt58DI="
  "resolved" "https://registry.npm.taobao.org/koa-unless/download/koa-unless-1.0.7.tgz"
  "version" "1.0.7"

"koa@^2.13.4":
  "integrity" "sha512-43zkIKubNbnrULWlHdN5h1g3SEKXOEzoAlRsHOTFpnlDu8JlAOZSMJBLULusuXRequboiwJcj5vtYXKB3k7+2g=="
  "resolved" "https://registry.npmjs.org/koa/-/koa-2.13.4.tgz"
  "version" "2.13.4"
  dependencies:
    "accepts" "^1.3.5"
    "cache-content-type" "^1.0.0"
    "content-disposition" "~0.5.2"
    "content-type" "^1.0.4"
    "cookies" "~0.8.0"
    "debug" "^4.3.2"
    "delegates" "^1.0.0"
    "depd" "^2.0.0"
    "destroy" "^1.0.4"
    "encodeurl" "^1.0.2"
    "escape-html" "^1.0.3"
    "fresh" "~0.5.2"
    "http-assert" "^1.3.0"
    "http-errors" "^1.6.3"
    "is-generator-function" "^1.0.7"
    "koa-compose" "^4.1.0"
    "koa-convert" "^2.0.0"
    "on-finished" "^2.3.0"
    "only" "~0.0.2"
    "parseurl" "^1.3.2"
    "statuses" "^1.5.0"
    "type-is" "^1.6.16"
    "vary" "^1.1.2"

"lodash.includes@^4.3.0":
  "integrity" "sha1-YLuYqHy5I8aMoeUTJUgzFISfVT8="
  "resolved" "https://registry.npm.taobao.org/lodash.includes/download/lodash.includes-4.3.0.tgz"
  "version" "4.3.0"

"lodash.isboolean@^3.0.3":
  "integrity" "sha1-bC4XHbKiV82WgC/UOwGyDV9YcPY="
  "resolved" "https://registry.npm.taobao.org/lodash.isboolean/download/lodash.isboolean-3.0.3.tgz"
  "version" "3.0.3"

"lodash.isinteger@^4.0.4":
  "integrity" "sha1-YZwK89A/iwTDH1iChAt3sRzWg0M="
  "resolved" "https://registry.npm.taobao.org/lodash.isinteger/download/lodash.isinteger-4.0.4.tgz"
  "version" "4.0.4"

"lodash.isnumber@^3.0.3":
  "integrity" "sha1-POdoEMWSjQM1IwGsKHMX8RwLH/w="
  "resolved" "https://registry.npm.taobao.org/lodash.isnumber/download/lodash.isnumber-3.0.3.tgz"
  "version" "3.0.3"

"lodash.isplainobject@^4.0.6":
  "integrity" "sha1-fFJqUtibRcRcxpC4gWO+BJf1UMs="
  "resolved" "https://registry.npm.taobao.org/lodash.isplainobject/download/lodash.isplainobject-4.0.6.tgz"
  "version" "4.0.6"

"lodash.isstring@^4.0.1":
  "integrity" "sha1-1SfftUVuynzJu5XV2ur4i6VKVFE="
  "resolved" "https://registry.npm.taobao.org/lodash.isstring/download/lodash.isstring-4.0.1.tgz"
  "version" "4.0.1"

"lodash.once@^4.0.0":
  "integrity" "sha1-DdOXEhPHxW34gJd9UEyI+0cal6w="
  "resolved" "https://registry.npm.taobao.org/lodash.once/download/lodash.once-4.1.1.tgz"
  "version" "4.1.1"

"long@^4.0.0":
  "integrity" "sha1-mntxz7fTYaGU6lVSQckvdGjVvyg="
  "resolved" "https://registry.npm.taobao.org/long/download/long-4.0.0.tgz"
  "version" "4.0.0"

"lru-cache@^4.1.3":
  "integrity" "sha1-i75Q6oW+1ZvJ4z3KuCNe6bz0Q80="
  "resolved" "https://registry.npm.taobao.org/lru-cache/download/lru-cache-4.1.5.tgz"
  "version" "4.1.5"
  dependencies:
    "pseudomap" "^1.0.2"
    "yallist" "^2.1.2"

"lru-cache@^6.0.0":
  "integrity" "sha512-Jo6dJ04CmSjuznwJSS3pUeWmd/H0ffTlkXXgwZi+eq1UCmqQwCh+eLsYOYCwY991i2Fah4h1BEMCx4qThGbsiA=="
  "resolved" "https://registry.npmjs.org/lru-cache/-/lru-cache-6.0.0.tgz"
  "version" "6.0.0"
  dependencies:
    "yallist" "^4.0.0"

"media-typer@0.3.0":
  "integrity" "sha1-hxDXrwqmJvj/+hzgAWhUUmMlV0g="
  "resolved" "https://registry.npm.taobao.org/media-typer/download/media-typer-0.3.0.tgz"
  "version" "0.3.0"

"methods@^1.1.2":
  "integrity" "sha1-VSmk1nZUE07cxSZmVoNbD4Ua/O4="
  "resolved" "https://registry.npm.taobao.org/methods/download/methods-1.1.2.tgz"
  "version" "1.1.2"

"mime-db@1.43.0":
  "integrity" "sha1-ChLgUCZQ5HPXNVNQUOfI9OtPrlg="
  "resolved" "https://registry.npm.taobao.org/mime-db/download/mime-db-1.43.0.tgz"
  "version" "1.43.0"

"mime-types@^2.1.18", "mime-types@~2.1.24":
  "integrity" "sha1-nJIfwJt+FJpl39wNpNIJlyALCgY="
  "resolved" "https://registry.npm.taobao.org/mime-types/download/mime-types-2.1.26.tgz"
  "version" "2.1.26"
  dependencies:
    "mime-db" "1.43.0"

"ms@^2.1.1":
  "integrity" "sha1-0J0fNXtEP0kzgqjrPM0YOHKuYAk="
  "resolved" "https://registry.npm.taobao.org/ms/download/ms-2.1.2.tgz?cache=0&sync_timestamp=1575472461218&other_urls=https%3A%2F%2Fregistry.npm.taobao.org%2Fms%2Fdownload%2Fms-2.1.2.tgz"
  "version" "2.1.2"

"ms@2.0.0":
  "integrity" "sha1-VgiurfwAvmwpAd9fmGF4jeDVl8g="
  "resolved" "https://registry.npm.taobao.org/ms/download/ms-2.0.0.tgz?cache=0&sync_timestamp=1575472461218&other_urls=https%3A%2F%2Fregistry.npm.taobao.org%2Fms%2Fdownload%2Fms-2.0.0.tgz"
  "version" "2.0.0"

"ms@2.1.2":
  "integrity" "sha512-sGkPx+VjMtmA6MX27oA4FBFELFCZZ4S4XqeGOXCv68tT+jb3vk/RyaKWP0PTKyWtmLSM0b+adUTEvbs1PEaH2w=="
  "resolved" "https://registry.npmjs.org/ms/-/ms-2.1.2.tgz"
  "version" "2.1.2"

"mysql2@^2.3.3":
  "integrity" "sha512-wxJUev6LgMSgACDkb/InIFxDprRa6T95+VEoR+xPvtngtccNH2dGjEB/fVZ8yg1gWv1510c9CvXuJHi5zUm0ZA=="
  "resolved" "https://registry.npmjs.org/mysql2/-/mysql2-2.3.3.tgz"
  "version" "2.3.3"
  dependencies:
    "denque" "^2.0.1"
    "generate-function" "^2.3.1"
    "iconv-lite" "^0.6.3"
    "long" "^4.0.0"
    "lru-cache" "^6.0.0"
    "named-placeholders" "^1.1.2"
    "seq-queue" "^0.0.5"
    "sqlstring" "^2.3.2"

"mz@^2.7.0":
  "integrity" "sha1-lQCAV6Vsr63CvGPd5/n/aVWUjjI="
  "resolved" "https://registry.npm.taobao.org/mz/download/mz-2.7.0.tgz"
  "version" "2.7.0"
  dependencies:
    "any-promise" "^1.0.0"
    "object-assign" "^4.0.1"
    "thenify-all" "^1.0.0"

"named-placeholders@^1.1.2":
  "integrity" "sha1-zrH7/1C2szSStc8hTM9eOc7z0Og="
  "resolved" "https://registry.npm.taobao.org/named-placeholders/download/named-placeholders-1.1.2.tgz"
  "version" "1.1.2"
  dependencies:
    "lru-cache" "^4.1.3"

"negotiator@0.6.2":
  "integrity" "sha1-/qz3zPUlp3rpY0Q2pkiD/+yjRvs="
  "resolved" "https://registry.npm.taobao.org/negotiator/download/negotiator-0.6.2.tgz"
  "version" "0.6.2"

"object-assign@^4.0.1":
  "integrity" "sha1-IQmtx5ZYh8/AXLvUQsrIv7s2CGM="
  "resolved" "https://registry.npm.taobao.org/object-assign/download/object-assign-4.1.1.tgz"
  "version" "4.1.1"

"on-finished@^2.3.0":
  "integrity" "sha1-IPEzZIGwg811M3mSoWlxqi2QaUc="
  "resolved" "https://registry.npm.taobao.org/on-finished/download/on-finished-2.3.0.tgz"
  "version" "2.3.0"
  dependencies:
    "ee-first" "1.1.1"

"only@~0.0.2":
  "integrity" "sha1-Kv3oTQPlC5qO3EROMGEKcCle37Q="
  "resolved" "https://registry.npm.taobao.org/only/download/only-0.0.2.tgz"
  "version" "0.0.2"

"p-any@1.1.0":
  "integrity" "sha1-HQODXH7tHjS45TnEe3tg0NAV1OE="
  "resolved" "https://registry.npm.taobao.org/p-any/download/p-any-1.1.0.tgz"
  "version" "1.1.0"
  dependencies:
    "p-some" "^2.0.0"

"p-some@^2.0.0":
  "integrity" "sha1-Zdh8ixVO289SIdFnd4ttLhUPbwY="
  "resolved" "https://registry.npm.taobao.org/p-some/download/p-some-2.0.1.tgz"
  "version" "2.0.1"
  dependencies:
    "aggregate-error" "^1.0.0"

"parseurl@^1.3.2":
  "integrity" "sha1-naGee+6NEt/wUT7Vt2lXeTvC6NQ="
  "resolved" "https://registry.npm.taobao.org/parseurl/download/parseurl-1.3.3.tgz"
  "version" "1.3.3"

"path-is-absolute@1.0.1":
  "integrity" "sha1-F0uSaHNVNP+8es5r9TpanhtcX18="
  "resolved" "https://registry.npm.taobao.org/path-is-absolute/download/path-is-absolute-1.0.1.tgz"
  "version" "1.0.1"

"path-to-regexp@1.x":
  "integrity" "sha1-iHs7qdhDk+h6CgufTLdWGYtTVIo="
  "resolved" "https://registry.npm.taobao.org/path-to-regexp/download/path-to-regexp-1.8.0.tgz"
  "version" "1.8.0"
  dependencies:
    "isarray" "0.0.1"

"pseudomap@^1.0.2":
  "integrity" "sha1-8FKijacOYYkX7wqKw0wa5aaChrM="
  "resolved" "https://registry.npm.taobao.org/pseudomap/download/pseudomap-1.0.2.tgz"
  "version" "1.0.2"

"qs@^6.4.0":
  "integrity" "sha1-v63NKWwtVJ8d/6VgYZEyyXf1AI4="
  "resolved" "https://registry.npm.taobao.org/qs/download/qs-6.9.3.tgz"
  "version" "6.9.3"

"raw-body@^2.2.0":
  "integrity" "sha1-MKyC+Yu1rowVLmcUnayNVRU7Fow="
  "resolved" "https://registry.npm.taobao.org/raw-body/download/raw-body-2.4.1.tgz"
  "version" "2.4.1"
  dependencies:
    "bytes" "3.1.0"
    "http-errors" "1.7.3"
    "iconv-lite" "0.4.24"
    "unpipe" "1.0.0"

"resolve-path@^1.4.0":
  "integrity" "sha1-xL2p9e+y/OZSR4c6s2u02DT+Fvc="
  "resolved" "https://registry.npm.taobao.org/resolve-path/download/resolve-path-1.4.0.tgz"
  "version" "1.4.0"
  dependencies:
    "http-errors" "~1.6.2"
    "path-is-absolute" "1.0.1"

"safe-buffer@^5.0.1", "safe-buffer@5.1.2":
  "integrity" "sha1-mR7GnSluAxN0fVm9/St0XDX4go0="
  "resolved" "https://registry.npm.taobao.org/safe-buffer/download/safe-buffer-5.1.2.tgz"
  "version" "5.1.2"

"safer-buffer@>= 2.1.2 < 3", "safer-buffer@>= 2.1.2 < 3.0.0":
  "integrity" "sha1-RPoWGwGHuVSd2Eu5GAL5vYOFzWo="
  "resolved" "https://registry.npm.taobao.org/safer-buffer/download/safer-buffer-2.1.2.tgz"
  "version" "2.1.2"

"semver@^5.6.0":
  "integrity" "sha1-qVT5Ma66UI0we78Gnv8MAclhFvc="
  "resolved" "https://registry.npm.taobao.org/semver/download/semver-5.7.1.tgz?cache=0&sync_timestamp=1586886301819&other_urls=https%3A%2F%2Fregistry.npm.taobao.org%2Fsemver%2Fdownload%2Fsemver-5.7.1.tgz"
  "version" "5.7.1"

"seq-queue@^0.0.5":
  "integrity" "sha1-1WgS4cAXpuTnw+Ojeh2m143TyT4="
  "resolved" "https://registry.npm.taobao.org/seq-queue/download/seq-queue-0.0.5.tgz"
  "version" "0.0.5"

"setprototypeof@1.1.0":
  "integrity" "sha1-0L2FU2iHtv58DYGMuWLZ2RxU5lY="
  "resolved" "https://registry.npm.taobao.org/setprototypeof/download/setprototypeof-1.1.0.tgz"
  "version" "1.1.0"

"setprototypeof@1.1.1":
  "integrity" "sha1-fpWsskqpL1iF4KvvW6ExMw1K5oM="
  "resolved" "https://registry.npm.taobao.org/setprototypeof/download/setprototypeof-1.1.1.tgz"
  "version" "1.1.1"

"sqlstring@^2.3.2":
  "integrity" "sha1-za5xaTiaE3WxjohfLmCz5GCAlRQ="
  "resolved" "https://registry.npm.taobao.org/sqlstring/download/sqlstring-2.3.2.tgz"
  "version" "2.3.2"

"statuses@^1.5.0", "statuses@>= 1.4.0 < 2", "statuses@>= 1.5.0 < 2":
  "integrity" "sha1-Fhx9rBd2Wf2YEfQ3cfqZOBR4Yow="
  "resolved" "https://registry.npm.taobao.org/statuses/download/statuses-1.5.0.tgz?cache=0&sync_timestamp=1587355518192&other_urls=https%3A%2F%2Fregistry.npm.taobao.org%2Fstatuses%2Fdownload%2Fstatuses-1.5.0.tgz"
  "version" "1.5.0"

"thenify-all@^1.0.0":
  "integrity" "sha1-GhkY1ALY/D+Y+/I02wvMjMEOlyY="
  "resolved" "https://registry.npm.taobao.org/thenify-all/download/thenify-all-1.6.0.tgz"
  "version" "1.6.0"
  dependencies:
    "thenify" ">= 3.1.0 < 4"

"thenify@>= 3.1.0 < 4":
  "integrity" "sha1-5p44obq+lpsBCCB5eLn2K4hgSDk="
  "resolved" "https://registry.npm.taobao.org/thenify/download/thenify-3.3.0.tgz"
  "version" "3.3.0"
  dependencies:
    "any-promise" "^1.0.0"

"toidentifier@1.0.0":
  "integrity" "sha1-fhvjRw8ed5SLxD2Uo8j013UrpVM="
  "resolved" "https://registry.npm.taobao.org/toidentifier/download/toidentifier-1.0.0.tgz"
  "version" "1.0.0"

"tsscmp@1.0.6":
  "integrity" "sha1-hbmVg6w1iexL/vgltQAKqRHWBes="
  "resolved" "https://registry.npm.taobao.org/tsscmp/download/tsscmp-1.0.6.tgz"
  "version" "1.0.6"

"type-is@^1.6.14", "type-is@^1.6.16":
  "integrity" "sha1-TlUs0F3wlGfcvE73Od6J8s83wTE="
  "resolved" "https://registry.npm.taobao.org/type-is/download/type-is-1.6.18.tgz"
  "version" "1.6.18"
  dependencies:
    "media-typer" "0.3.0"
    "mime-types" "~2.1.24"

"unpipe@1.0.0":
  "integrity" "sha1-sr9O6FFKrmFltIF4KdIbLvSZBOw="
  "resolved" "https://registry.npm.taobao.org/unpipe/download/unpipe-1.0.0.tgz"
  "version" "1.0.0"

"urijs@^1.19.2":
  "integrity" "sha1-+b4J8AxMUTS3yzz0dcHdOUUmJlo="
  "resolved" "https://registry.npm.taobao.org/urijs/download/urijs-1.19.2.tgz"
  "version" "1.19.2"

"vary@^1.1.2":
  "integrity" "sha1-IpnwLG3tMNSllhsLn3RSShj2NPw="
  "resolved" "https://registry.npm.taobao.org/vary/download/vary-1.1.2.tgz"
  "version" "1.1.2"

"yallist@^2.1.2":
  "integrity" "sha1-HBH5IY8HYImkfdUS+TxmmaaoHVI="
  "resolved" "https://registry.npm.taobao.org/yallist/download/yallist-2.1.2.tgz"
  "version" "2.1.2"

"yallist@^4.0.0":
  "integrity" "sha512-3wdGidZyq5PB084XLES5TpOSRA3wjXAlIWMhum2kRcv/41Sn2emQ0dycQW4uZXLejwKvg6EsvbdlVL+FYEct7A=="
  "resolved" "https://registry.npmjs.org/yallist/-/yallist-4.0.0.tgz"
  "version" "4.0.0"

"ylru@^1.2.0":
  "integrity" "sha1-9Xa2M0FUeYnB3nuiiHYJI7J/6E8="
  "resolved" "https://registry.npm.taobao.org/ylru/download/ylru-1.2.1.tgz"
  "version" "1.2.1"
